
Microsoft Visual Studio Solution File, Format Version 12.00
# Visual Studio Version 17
VisualStudioVersion = 17.1.31911.260
MinimumVisualStudioVersion = 10.0.40219.1
Project("{9A19103F-16F7-4668-BE54-9A1E7A4F7556}") = "VueAPI", "VueAPI\VueAPI.csproj", "{A7856C38-9426-4FC7-BE64-C137C92D76B7}"
EndProject
Project("{2150E333-8FDC-42A3-9474-1A3956D46DE8}") = "Solution Items", "Solution Items", "{B51B5621-B956-4A63-927E-08D7E2F975B0}"
	ProjectSection(SolutionItems) = preProject
		.editorconfig = .editorconfig
	EndProjectSection
EndProject
Project("{FAE04EC0-301F-11D3-BF4B-00C04F79EFBC}") = "ParkyWeb", "ParkyWeb\ParkyWeb.csproj", "{42E87DE8-88DE-46A1-974E-64F5F921D0FF}"
EndProject
Global
	GlobalSection(SolutionConfigurationPlatforms) = preSolution
		Debug|Any CPU = Debug|Any CPU
		Release|Any CPU = Release|Any CPU
	EndGlobalSection
	GlobalSection(ProjectConfigurationPlatforms) = postSolution
		{A7856C38-9426-4FC7-BE64-C137C92D76B7}.Debug|Any CPU.ActiveCfg = Debug|Any CPU
		{A7856C38-9426-4FC7-BE64-C137C92D76B7}.Debug|Any CPU.Build.0 = Debug|Any CPU
		{A7856C38-9426-4FC7-BE64-C137C92D76B7}.Release|Any CPU.ActiveCfg = Release|Any CPU
		{A7856C38-9426-4FC7-BE64-C137C92D76B7}.Release|Any CPU.Build.0 = Release|Any CPU
		{42E87DE8-88DE-46A1-974E-64F5F921D0FF}.Debug|Any CPU.ActiveCfg = Debug|Any CPU
		{42E87DE8-88DE-46A1-974E-64F5F921D0FF}.Debug|Any CPU.Build.0 = Debug|Any CPU
		{42E87DE8-88DE-46A1-974E-64F5F921D0FF}.Release|Any CPU.ActiveCfg = Release|Any CPU
		{42E87DE8-88DE-46A1-974E-64F5F921D0FF}.Release|Any CPU.Build.0 = Release|Any CPU
	EndGlobalSection
	GlobalSection(SolutionProperties) = preSolution
		HideSolutionNode = FALSE
	EndGlobalSection
	GlobalSection(ExtensibilityGlobals) = postSolution
		SolutionGuid = {217DFE9F-F717-49BA-A8CC-759CDFE6EAFF}
	EndGlobalSection
EndGlobal
